
Microsoft Visual Studio Solution File, Format Version 12.00
# Visual Studio Version 17
VisualStudioVersion = 17.4.33213.308
MinimumVisualStudioVersion = 10.0.40219.1
Project("{2150E333-8FDC-42A3-9474-1A3956D46DE8}") = "FrontEnd", "FrontEnd", "{5C120CA8-474D-43F7-AC4F-28C39815101F}"
EndProject
Project("{9A19103F-16F7-4668-BE54-9A1E7A4F7556}") = "Mango.Web", "Mango.Web\Mango.Web.csproj", "{B1F4D8B7-BFEB-497A-BB77-4551331157EA}"
EndProject
Project("{2150E333-8FDC-42A3-9474-1A3956D46DE8}") = "Services", "Services", "{93D33893-1995-4A8C-B27B-2301BE06B619}"
EndProject
Project("{9A19103F-16F7-4668-BE54-9A1E7A4F7556}") = "Mango.Services.ProductAPI", "Mango.Services.ProductAPI\Mango.Services.ProductAPI.csproj", "{9829DFF6-AC6C-48F5-AF3A-D7EC86AEA44D}"
EndProject
Project("{2150E333-8FDC-42A3-9474-1A3956D46DE8}") = "Solution Items", "Solution Items", "{E713BF5B-BAE8-46EB-B8F9-35C0B2672984}"
	ProjectSection(SolutionItems) = preProject
		docker-compose.yml = docker-compose.yml
	EndProjectSection
EndProject
Project("{FAE04EC0-301F-11D3-BF4B-00C04F79EFBC}") = "Mango.Services.Identity", "Mango.Services.Identity\Mango.Services.Identity.csproj", "{4206E6CC-72FD-40AB-B9D0-3180F8D7B56A}"
EndProject
Global
	GlobalSection(SolutionConfigurationPlatforms) = preSolution
		Debug|Any CPU = Debug|Any CPU
		Release|Any CPU = Release|Any CPU
	EndGlobalSection
	GlobalSection(ProjectConfigurationPlatforms) = postSolution
		{B1F4D8B7-BFEB-497A-BB77-4551331157EA}.Debug|Any CPU.ActiveCfg = Debug|Any CPU
		{B1F4D8B7-BFEB-497A-BB77-4551331157EA}.Debug|Any CPU.Build.0 = Debug|Any CPU
		{B1F4D8B7-BFEB-497A-BB77-4551331157EA}.Release|Any CPU.ActiveCfg = Release|Any CPU
		{B1F4D8B7-BFEB-497A-BB77-4551331157EA}.Release|Any CPU.Build.0 = Release|Any CPU
		{9829DFF6-AC6C-48F5-AF3A-D7EC86AEA44D}.Debug|Any CPU.ActiveCfg = Debug|Any CPU
		{9829DFF6-AC6C-48F5-AF3A-D7EC86AEA44D}.Debug|Any CPU.Build.0 = Debug|Any CPU
		{9829DFF6-AC6C-48F5-AF3A-D7EC86AEA44D}.Release|Any CPU.ActiveCfg = Release|Any CPU
		{9829DFF6-AC6C-48F5-AF3A-D7EC86AEA44D}.Release|Any CPU.Build.0 = Release|Any CPU
		{4206E6CC-72FD-40AB-B9D0-3180F8D7B56A}.Debug|Any CPU.ActiveCfg = Debug|Any CPU
		{4206E6CC-72FD-40AB-B9D0-3180F8D7B56A}.Debug|Any CPU.Build.0 = Debug|Any CPU
		{4206E6CC-72FD-40AB-B9D0-3180F8D7B56A}.Release|Any CPU.ActiveCfg = Release|Any CPU
		{4206E6CC-72FD-40AB-B9D0-3180F8D7B56A}.Release|Any CPU.Build.0 = Release|Any CPU
	EndGlobalSection
	GlobalSection(SolutionProperties) = preSolution
		HideSolutionNode = FALSE
	EndGlobalSection
	GlobalSection(NestedProjects) = preSolution
		{B1F4D8B7-BFEB-497A-BB77-4551331157EA} = {5C120CA8-474D-43F7-AC4F-28C39815101F}
		{9829DFF6-AC6C-48F5-AF3A-D7EC86AEA44D} = {93D33893-1995-4A8C-B27B-2301BE06B619}
		{4206E6CC-72FD-40AB-B9D0-3180F8D7B56A} = {93D33893-1995-4A8C-B27B-2301BE06B619}
	EndGlobalSection
	GlobalSection(ExtensibilityGlobals) = postSolution
		SolutionGuid = {BF38955B-CC2C-4B55-865D-5C8A14673BCC}
	EndGlobalSection
EndGlobal
